
Microsoft Visual Studio Solution File, Format Version 12.00
# Visual Studio Version 17
VisualStudioVersion = 17.1.32407.343
MinimumVisualStudioVersion = 10.0.40219.1
Project("{9A19103F-16F7-4668-BE54-9A1E7A4F7556}") = "PetFinder.Backend.Grpc", "PetFinder.Backend.Grpc\PetFinder.Backend.Grpc.csproj", "{C4D0E3F7-0C21-4844-AB60-54BE2D9FEAE3}"
EndProject
Project("{9A19103F-16F7-4668-BE54-9A1E7A4F7556}") = "PetFinder.Backend.Domain", "PetFinder.Backend.Domain\PetFinder.Backend.Domain.csproj", "{770AAFDF-CB87-4C34-BA0C-E6026E272CE6}"
EndProject
Project("{9A19103F-16F7-4668-BE54-9A1E7A4F7556}") = "PetFinder.Infrastructure", "PetFinder.Infrastructure\PetFinder.Infrastructure.csproj", "{FAF26517-0D21-408E-AD1B-5333BD51ACDE}"
EndProject
Project("{9A19103F-16F7-4668-BE54-9A1E7A4F7556}") = "PetFinder.Backend.DependencyInjection", "PetFinder.Backend.DependencyInjection\PetFinder.Backend.DependencyInjection.csproj", "{6482DAFC-322C-4954-88DC-A0FC25460BC2}"
EndProject
Project("{9A19103F-16F7-4668-BE54-9A1E7A4F7556}") = "PetFinder.Tests", "PetFinder.Tests\PetFinder.Tests.csproj", "{9AB00BE2-E9C3-4418-BAD9-EB5F7FDFF037}"
EndProject
Project("{FAE04EC0-301F-11D3-BF4B-00C04F79EFBC}") = "PetFinder.Backend.Blazor", "PetFinder.Backend.Blazor\PetFinder.Backend.Blazor.csproj", "{BBA3EEA5-F0CE-42CE-97D1-E34FA7B0A3E7}"
EndProject
Global
	GlobalSection(SolutionConfigurationPlatforms) = preSolution
		Debug|Any CPU = Debug|Any CPU
		Release|Any CPU = Release|Any CPU
	EndGlobalSection
	GlobalSection(ProjectConfigurationPlatforms) = postSolution
		{C4D0E3F7-0C21-4844-AB60-54BE2D9FEAE3}.Debug|Any CPU.ActiveCfg = Debug|Any CPU
		{C4D0E3F7-0C21-4844-AB60-54BE2D9FEAE3}.Debug|Any CPU.Build.0 = Debug|Any CPU
		{C4D0E3F7-0C21-4844-AB60-54BE2D9FEAE3}.Release|Any CPU.ActiveCfg = Release|Any CPU
		{C4D0E3F7-0C21-4844-AB60-54BE2D9FEAE3}.Release|Any CPU.Build.0 = Release|Any CPU
		{770AAFDF-CB87-4C34-BA0C-E6026E272CE6}.Debug|Any CPU.ActiveCfg = Debug|Any CPU
		{770AAFDF-CB87-4C34-BA0C-E6026E272CE6}.Debug|Any CPU.Build.0 = Debug|Any CPU
		{770AAFDF-CB87-4C34-BA0C-E6026E272CE6}.Release|Any CPU.ActiveCfg = Release|Any CPU
		{770AAFDF-CB87-4C34-BA0C-E6026E272CE6}.Release|Any CPU.Build.0 = Release|Any CPU
		{FAF26517-0D21-408E-AD1B-5333BD51ACDE}.Debug|Any CPU.ActiveCfg = Debug|Any CPU
		{FAF26517-0D21-408E-AD1B-5333BD51ACDE}.Debug|Any CPU.Build.0 = Debug|Any CPU
		{FAF26517-0D21-408E-AD1B-5333BD51ACDE}.Release|Any CPU.ActiveCfg = Release|Any CPU
		{FAF26517-0D21-408E-AD1B-5333BD51ACDE}.Release|Any CPU.Build.0 = Release|Any CPU
		{6482DAFC-322C-4954-88DC-A0FC25460BC2}.Debug|Any CPU.ActiveCfg = Debug|Any CPU
		{6482DAFC-322C-4954-88DC-A0FC25460BC2}.Debug|Any CPU.Build.0 = Debug|Any CPU
		{6482DAFC-322C-4954-88DC-A0FC25460BC2}.Release|Any CPU.ActiveCfg = Release|Any CPU
		{6482DAFC-322C-4954-88DC-A0FC25460BC2}.Release|Any CPU.Build.0 = Release|Any CPU
		{9AB00BE2-E9C3-4418-BAD9-EB5F7FDFF037}.Debug|Any CPU.ActiveCfg = Debug|Any CPU
		{9AB00BE2-E9C3-4418-BAD9-EB5F7FDFF037}.Debug|Any CPU.Build.0 = Debug|Any CPU
		{9AB00BE2-E9C3-4418-BAD9-EB5F7FDFF037}.Release|Any CPU.ActiveCfg = Release|Any CPU
		{9AB00BE2-E9C3-4418-BAD9-EB5F7FDFF037}.Release|Any CPU.Build.0 = Release|Any CPU
		{BBA3EEA5-F0CE-42CE-97D1-E34FA7B0A3E7}.Debug|Any CPU.ActiveCfg = Debug|Any CPU
		{BBA3EEA5-F0CE-42CE-97D1-E34FA7B0A3E7}.Debug|Any CPU.Build.0 = Debug|Any CPU
		{BBA3EEA5-F0CE-42CE-97D1-E34FA7B0A3E7}.Release|Any CPU.ActiveCfg = Release|Any CPU
		{BBA3EEA5-F0CE-42CE-97D1-E34FA7B0A3E7}.Release|Any CPU.Build.0 = Release|Any CPU
	EndGlobalSection
	GlobalSection(SolutionProperties) = preSolution
		HideSolutionNode = FALSE
	EndGlobalSection
	GlobalSection(ExtensibilityGlobals) = postSolution
		SolutionGuid = {C799BFEE-D693-4CD1-8A51-4075A289F09D}
	EndGlobalSection
EndGlobal
